Microsoft Visual Studio Solution File, Format Version 12.00
# Visual Studio Version 17
VisualStudioVersion = 17.0.31903.59
MinimumVisualStudioVersion = 10.0.40219.1
Project("{FAE04EC0-301F-11D3-BF4B-00C04F79EFBC}") = "BrazilianSoccerMcpServer", "BrazilianSoccerMcpServer.csproj", "{332C3B43-91C3-4E9B-B7DF-69D07F9C3CC7}"
EndProject
Project("{FAE04EC0-301F-11D3-BF4B-00C04F79EFBC}") = "BrazilianSoccerMcpServer.Tests", "tests/BrazilianSoccerMcpServer.Tests.csproj", "{AAFE1E14-72D8-42B3-8A06-9A1D095B86FA}"
EndProject
Global
	GlobalSection(SolutionConfigurationPlatforms) = preSolution
		Debug|Any CPU = Debug|Any CPU
		Release|Any CPU = Release|Any CPU
	EndGlobalSection
	GlobalSection(ProjectConfigurationPlatforms) = postSolution
		{332C3B43-91C3-4E9B-B7DF-69D07F9C3CC7}.Debug|Any CPU.ActiveCfg = Debug|Any CPU
		{332C3B43-91C3-4E9B-B7DF-69D07F9C3CC7}.Debug|Any CPU.Build.0 = Debug|Any CPU
		{332C3B43-91C3-4E9B-B7DF-69D07F9C3CC7}.Release|Any CPU.ActiveCfg = Release|Any CPU
		{332C3B43-91C3-4E9B-B7DF-69D07F9C3CC7}.Release|Any CPU.Build.0 = Release|Any CPU
		{AAFE1E14-72D8-42B3-8A06-9A1D095B86FA}.Debug|Any CPU.ActiveCfg = Debug|Any CPU
		{AAFE1E14-72D8-42B3-8A06-9A1D095B86FA}.Debug|Any CPU.Build.0 = Debug|Any CPU
		{AAFE1E14-72D8-42B3-8A06-9A1D095B86FA}.Release|Any CPU.ActiveCfg = Release|Any CPU
		{AAFE1E14-72D8-42B3-8A06-9A1D095B86FA}.Release|Any CPU.Build.0 = Release|Any CPU
	EndGlobalSection
EndGlobal
