<Solution>
  <Folder Name="/src/">
    <Project Path="src/BrazilianSoccer.Core/BrazilianSoccer.Core.csproj" />
    <Project Path="src/BrazilianSoccer.Server/BrazilianSoccer.Server.csproj" />
  </Folder>
  <Folder Name="/tests/">
    <Project Path="tests/BrazilianSoccer.Tests/BrazilianSoccer.Tests.csproj" />
  </Folder>
</Solution>
